
Microsoft Visual Studio Solution File, Format Version 12.00
# Visual Studio 15
VisualStudioVersion = 15.0.28307.168
MinimumVisualStudioVersion = 10.0.40219.1
Project("{9A19103F-16F7-4668-BE54-9A1E7A4F7556}") = "GlobalWeather", "GlobalWeather\GlobalWeather.csproj", "{A29A7427-DC48-4CE8-94D3-A5AE387E5E6B}"
EndProject
Project("{2150E333-8FDC-42A3-9474-1A3956D46DE8}") = "Solution Items", "Solution Items", "{C1215D4B-C99B-4685-A82E-B7CB0CEE230B}"
EndProject
Project("{9A19103F-16F7-4668-BE54-9A1E7A4F7556}") = "Weather.Persistence", "Weather.Persistence\Weather.Persistence.csproj", "{E7224589-2AEE-4349-9FAF-E49061BFDD72}"
EndProject
Project("{FAE04EC0-301F-11D3-BF4B-00C04F79EFBC}") = "Weather.Test", "Weather.Test\Weather.Test.csproj", "{DD56DC35-129E-47FA-A21C-8ED08FE4E87E}"
EndProject
Global
	GlobalSection(SolutionConfigurationPlatforms) = preSolution
		Debug|Any CPU = Debug|Any CPU
		Release|Any CPU = Release|Any CPU
	EndGlobalSection
	GlobalSection(ProjectConfigurationPlatforms) = postSolution
		{A29A7427-DC48-4CE8-94D3-A5AE387E5E6B}.Debug|Any CPU.ActiveCfg = Debug|Any CPU
		{A29A7427-DC48-4CE8-94D3-A5AE387E5E6B}.Debug|Any CPU.Build.0 = Debug|Any CPU
		{A29A7427-DC48-4CE8-94D3-A5AE387E5E6B}.Release|Any CPU.ActiveCfg = Release|Any CPU
		{A29A7427-DC48-4CE8-94D3-A5AE387E5E6B}.Release|Any CPU.Build.0 = Release|Any CPU
		{E7224589-2AEE-4349-9FAF-E49061BFDD72}.Debug|Any CPU.ActiveCfg = Debug|Any CPU
		{E7224589-2AEE-4349-9FAF-E49061BFDD72}.Debug|Any CPU.Build.0 = Debug|Any CPU
		{E7224589-2AEE-4349-9FAF-E49061BFDD72}.Release|Any CPU.ActiveCfg = Release|Any CPU
		{E7224589-2AEE-4349-9FAF-E49061BFDD72}.Release|Any CPU.Build.0 = Release|Any CPU
		{DD56DC35-129E-47FA-A21C-8ED08FE4E87E}.Debug|Any CPU.ActiveCfg = Debug|Any CPU
		{DD56DC35-129E-47FA-A21C-8ED08FE4E87E}.Debug|Any CPU.Build.0 = Debug|Any CPU
		{DD56DC35-129E-47FA-A21C-8ED08FE4E87E}.Release|Any CPU.ActiveCfg = Release|Any CPU
		{DD56DC35-129E-47FA-A21C-8ED08FE4E87E}.Release|Any CPU.Build.0 = Release|Any CPU
	EndGlobalSection
	GlobalSection(SolutionProperties) = preSolution
		HideSolutionNode = FALSE
	EndGlobalSection
	GlobalSection(ExtensibilityGlobals) = postSolution
		SolutionGuid = {7A372389-9B29-4E79-AFB7-30BA1677DAD8}
	EndGlobalSection
EndGlobal
